
Microsoft Visual Studio Solution File, Format Version 12.00
# Visual Studio Version 16
VisualStudioVersion = 16.0.28803.452
MinimumVisualStudioVersion = 10.0.40219.1
Project("{FAE04EC0-301F-11D3-BF4B-00C04F79EFBC}") = "BLL", "BLL\BLL.csproj", "{2D46437A-03D9-475F-82F7-BBD48569E4F2}"
EndProject
Project("{FAE04EC0-301F-11D3-BF4B-00C04F79EFBC}") = "DAL", "DAL\DAL.csproj", "{21D1AE3C-1FA7-4210-B0B5-BAEE91F655BC}"
EndProject
Project("{FAE04EC0-301F-11D3-BF4B-00C04F79EFBC}") = "Entity", "Entity\Entity.csproj", "{29A91646-FBA2-4E19-A6E1-6CA464D192A2}"
EndProject
Project("{FAE04EC0-301F-11D3-BF4B-00C04F79EFBC}") = "FoodPicker", "FoodPicker\FoodPicker.csproj", "{3E0111D5-2DFC-44C1-B72F-8FEEEBC971F8}"
EndProject
Global
	GlobalSection(SolutionConfigurationPlatforms) = preSolution
		Debug|Any CPU = Debug|Any CPU
		Release|Any CPU = Release|Any CPU
	EndGlobalSection
	GlobalSection(ProjectConfigurationPlatforms) = postSolution
		{2D46437A-03D9-475F-82F7-BBD48569E4F2}.Debug|Any CPU.ActiveCfg = Debug|Any CPU
		{2D46437A-03D9-475F-82F7-BBD48569E4F2}.Debug|Any CPU.Build.0 = Debug|Any CPU
		{2D46437A-03D9-475F-82F7-BBD48569E4F2}.Release|Any CPU.ActiveCfg = Release|Any CPU
		{2D46437A-03D9-475F-82F7-BBD48569E4F2}.Release|Any CPU.Build.0 = Release|Any CPU
		{21D1AE3C-1FA7-4210-B0B5-BAEE91F655BC}.Debug|Any CPU.ActiveCfg = Debug|Any CPU
		{21D1AE3C-1FA7-4210-B0B5-BAEE91F655BC}.Debug|Any CPU.Build.0 = Debug|Any CPU
		{21D1AE3C-1FA7-4210-B0B5-BAEE91F655BC}.Release|Any CPU.ActiveCfg = Release|Any CPU
		{21D1AE3C-1FA7-4210-B0B5-BAEE91F655BC}.Release|Any CPU.Build.0 = Release|Any CPU
		{29A91646-FBA2-4E19-A6E1-6CA464D192A2}.Debug|Any CPU.ActiveCfg = Debug|Any CPU
		{29A91646-FBA2-4E19-A6E1-6CA464D192A2}.Debug|Any CPU.Build.0 = Debug|Any CPU
		{29A91646-FBA2-4E19-A6E1-6CA464D192A2}.Release|Any CPU.ActiveCfg = Release|Any CPU
		{29A91646-FBA2-4E19-A6E1-6CA464D192A2}.Release|Any CPU.Build.0 = Release|Any CPU
		{3E0111D5-2DFC-44C1-B72F-8FEEEBC971F8}.Debug|Any CPU.ActiveCfg = Debug|Any CPU
		{3E0111D5-2DFC-44C1-B72F-8FEEEBC971F8}.Debug|Any CPU.Build.0 = Debug|Any CPU
		{3E0111D5-2DFC-44C1-B72F-8FEEEBC971F8}.Release|Any CPU.ActiveCfg = Release|Any CPU
		{3E0111D5-2DFC-44C1-B72F-8FEEEBC971F8}.Release|Any CPU.Build.0 = Release|Any CPU
	EndGlobalSection
	GlobalSection(SolutionProperties) = preSolution
		HideSolutionNode = FALSE
	EndGlobalSection
	GlobalSection(ExtensibilityGlobals) = postSolution
		SolutionGuid = {5CF63CC5-50C2-431F-9464-0DB45953B398}
	EndGlobalSection
EndGlobal
